
Microsoft Visual Studio Solution File, Format Version 12.00
# Visual Studio Version 17
VisualStudioVersion = 17.9.34728.123
MinimumVisualStudioVersion = 10.0.40219.1
Project("{778DAE3C-4631-46EA-AA77-85C1314464D9}") = "SQLViewer", "ConnectingToDatabaseExercise\SQLViewer.vbproj", "{EEFC23F1-5EEE-4496-8E7A-5375E63F0147}"
EndProject
Global
	GlobalSection(SolutionConfigurationPlatforms) = preSolution
		Debug|Any CPU = Debug|Any CPU
		Release|Any CPU = Release|Any CPU
	EndGlobalSection
	GlobalSection(ProjectConfigurationPlatforms) = postSolution
		{EEFC23F1-5EEE-4496-8E7A-5375E63F0147}.Debug|Any CPU.ActiveCfg = Debug|Any CPU
		{EEFC23F1-5EEE-4496-8E7A-5375E63F0147}.Debug|Any CPU.Build.0 = Debug|Any CPU
		{EEFC23F1-5EEE-4496-8E7A-5375E63F0147}.Release|Any CPU.ActiveCfg = Release|Any CPU
		{EEFC23F1-5EEE-4496-8E7A-5375E63F0147}.Release|Any CPU.Build.0 = Release|Any CPU
	EndGlobalSection
	GlobalSection(SolutionProperties) = preSolution
		HideSolutionNode = FALSE
	EndGlobalSection
	GlobalSection(ExtensibilityGlobals) = postSolution
		SolutionGuid = {3A02D943-7168-4D6F-B17D-533581C998E3}
	EndGlobalSection
EndGlobal
